
Microsoft Visual Studio Solution File, Format Version 12.00
# Visual Studio Version 16
VisualStudioVersion = 16.0.29409.12
MinimumVisualStudioVersion = 10.0.40219.1
Project("{9A19103F-16F7-4668-BE54-9A1E7A4F7556}") = "WebApp", "WebApp\WebApp.csproj", "{33E3DC32-A85B-4E30-9DFD-C07B2C35FD58}"
EndProject
Project("{9A19103F-16F7-4668-BE54-9A1E7A4F7556}") = "gRPCDemo", "gRPCDemo\gRPCDemo.csproj", "{7C72C5E8-D67A-41DB-9A43-07714DB27A69}"
EndProject
Project("{9A19103F-16F7-4668-BE54-9A1E7A4F7556}") = "gRPCClient", "gRPCClient\gRPCClient.csproj", "{BBDF29E9-97BC-4AC5-8780-515489831D38}"
EndProject
Project("{9A19103F-16F7-4668-BE54-9A1E7A4F7556}") = "gRPCServer", "gRPCServer\gRPCServer.csproj", "{F60F5737-9753-49A2-909E-BEEC40040F1C}"
EndProject
Project("{9A19103F-16F7-4668-BE54-9A1E7A4F7556}") = "GrpcServiceApp", "GrpcServiceApp\GrpcServiceApp.csproj", "{A56AC2F5-F84C-4F0D-9A23-53CB1DFBA4C7}"
EndProject
Project("{9A19103F-16F7-4668-BE54-9A1E7A4F7556}") = "GrpcServiceTest", "GrpcServiceTest\GrpcServiceTest.csproj", "{786F18ED-9840-4790-9AA7-4DC69A815D3E}"
EndProject
Project("{9A19103F-16F7-4668-BE54-9A1E7A4F7556}") = "gRPCLib", "gRPCLib\gRPCLib.csproj", "{A1EEE225-D951-4D8A-A96F-10361D0D8BA6}"
EndProject
Project("{9A19103F-16F7-4668-BE54-9A1E7A4F7556}") = "gRPCLibServer", "gRPCLibServer\gRPCLibServer.csproj", "{D5965DB5-DF32-4F4A-91D7-29ECA0DEE7E0}"
EndProject
Project("{FAE04EC0-301F-11D3-BF4B-00C04F79EFBC}") = "gRPCLibClient", "gRPCLibClient\gRPCLibClient.csproj", "{65FE50EB-FE4D-47E9-99FF-3147EF4F5197}"
EndProject
Global
	GlobalSection(SolutionConfigurationPlatforms) = preSolution
		Debug|Any CPU = Debug|Any CPU
		Release|Any CPU = Release|Any CPU
	EndGlobalSection
	GlobalSection(ProjectConfigurationPlatforms) = postSolution
		{33E3DC32-A85B-4E30-9DFD-C07B2C35FD58}.Debug|Any CPU.ActiveCfg = Debug|Any CPU
		{33E3DC32-A85B-4E30-9DFD-C07B2C35FD58}.Debug|Any CPU.Build.0 = Debug|Any CPU
		{33E3DC32-A85B-4E30-9DFD-C07B2C35FD58}.Release|Any CPU.ActiveCfg = Release|Any CPU
		{33E3DC32-A85B-4E30-9DFD-C07B2C35FD58}.Release|Any CPU.Build.0 = Release|Any CPU
		{7C72C5E8-D67A-41DB-9A43-07714DB27A69}.Debug|Any CPU.ActiveCfg = Debug|Any CPU
		{7C72C5E8-D67A-41DB-9A43-07714DB27A69}.Debug|Any CPU.Build.0 = Debug|Any CPU
		{7C72C5E8-D67A-41DB-9A43-07714DB27A69}.Release|Any CPU.ActiveCfg = Release|Any CPU
		{7C72C5E8-D67A-41DB-9A43-07714DB27A69}.Release|Any CPU.Build.0 = Release|Any CPU
		{BBDF29E9-97BC-4AC5-8780-515489831D38}.Debug|Any CPU.ActiveCfg = Debug|Any CPU
		{BBDF29E9-97BC-4AC5-8780-515489831D38}.Debug|Any CPU.Build.0 = Debug|Any CPU
		{BBDF29E9-97BC-4AC5-8780-515489831D38}.Release|Any CPU.ActiveCfg = Release|Any CPU
		{BBDF29E9-97BC-4AC5-8780-515489831D38}.Release|Any CPU.Build.0 = Release|Any CPU
		{F60F5737-9753-49A2-909E-BEEC40040F1C}.Debug|Any CPU.ActiveCfg = Debug|Any CPU
		{F60F5737-9753-49A2-909E-BEEC40040F1C}.Debug|Any CPU.Build.0 = Debug|Any CPU
		{F60F5737-9753-49A2-909E-BEEC40040F1C}.Release|Any CPU.ActiveCfg = Release|Any CPU
		{F60F5737-9753-49A2-909E-BEEC40040F1C}.Release|Any CPU.Build.0 = Release|Any CPU
		{A56AC2F5-F84C-4F0D-9A23-53CB1DFBA4C7}.Debug|Any CPU.ActiveCfg = Debug|Any CPU
		{A56AC2F5-F84C-4F0D-9A23-53CB1DFBA4C7}.Debug|Any CPU.Build.0 = Debug|Any CPU
		{A56AC2F5-F84C-4F0D-9A23-53CB1DFBA4C7}.Release|Any CPU.ActiveCfg = Release|Any CPU
		{A56AC2F5-F84C-4F0D-9A23-53CB1DFBA4C7}.Release|Any CPU.Build.0 = Release|Any CPU
		{786F18ED-9840-4790-9AA7-4DC69A815D3E}.Debug|Any CPU.ActiveCfg = Debug|Any CPU
		{786F18ED-9840-4790-9AA7-4DC69A815D3E}.Debug|Any CPU.Build.0 = Debug|Any CPU
		{786F18ED-9840-4790-9AA7-4DC69A815D3E}.Release|Any CPU.ActiveCfg = Release|Any CPU
		{786F18ED-9840-4790-9AA7-4DC69A815D3E}.Release|Any CPU.Build.0 = Release|Any CPU
		{A1EEE225-D951-4D8A-A96F-10361D0D8BA6}.Debug|Any CPU.ActiveCfg = Debug|Any CPU
		{A1EEE225-D951-4D8A-A96F-10361D0D8BA6}.Debug|Any CPU.Build.0 = Debug|Any CPU
		{A1EEE225-D951-4D8A-A96F-10361D0D8BA6}.Release|Any CPU.ActiveCfg = Release|Any CPU
		{A1EEE225-D951-4D8A-A96F-10361D0D8BA6}.Release|Any CPU.Build.0 = Release|Any CPU
		{D5965DB5-DF32-4F4A-91D7-29ECA0DEE7E0}.Debug|Any CPU.ActiveCfg = Debug|Any CPU
		{D5965DB5-DF32-4F4A-91D7-29ECA0DEE7E0}.Debug|Any CPU.Build.0 = Debug|Any CPU
		{D5965DB5-DF32-4F4A-91D7-29ECA0DEE7E0}.Release|Any CPU.ActiveCfg = Release|Any CPU
		{D5965DB5-DF32-4F4A-91D7-29ECA0DEE7E0}.Release|Any CPU.Build.0 = Release|Any CPU
		{65FE50EB-FE4D-47E9-99FF-3147EF4F5197}.Debug|Any CPU.ActiveCfg = Debug|Any CPU
		{65FE50EB-FE4D-47E9-99FF-3147EF4F5197}.Debug|Any CPU.Build.0 = Debug|Any CPU
		{65FE50EB-FE4D-47E9-99FF-3147EF4F5197}.Release|Any CPU.ActiveCfg = Release|Any CPU
		{65FE50EB-FE4D-47E9-99FF-3147EF4F5197}.Release|Any CPU.Build.0 = Release|Any CPU
	EndGlobalSection
	GlobalSection(SolutionProperties) = preSolution
		HideSolutionNode = FALSE
	EndGlobalSection
	GlobalSection(ExtensibilityGlobals) = postSolution
		SolutionGuid = {56111D96-7FD9-4125-940C-235A9A274AB9}
	EndGlobalSection
EndGlobal
